
Microsoft Visual Studio Solution File, Format Version 12.00
# Visual Studio Version 17
VisualStudioVersion = 17.8.34330.188
MinimumVisualStudioVersion = 10.0.40219.1
Project("{FAE04EC0-301F-11D3-BF4B-00C04F79EFBC}") = "Weather", "Weather\Weather.csproj", "{5DE32B82-2AF9-4DE8-88ED-37C962E3DF52}"
EndProject
Global
	GlobalSection(SolutionConfigurationPlatforms) = preSolution
		Debug|Any CPU = Debug|Any CPU
		Release|Any CPU = Release|Any CPU
	EndGlobalSection
	GlobalSection(ProjectConfigurationPlatforms) = postSolution
		{5DE32B82-2AF9-4DE8-88ED-37C962E3DF52}.Debug|Any CPU.ActiveCfg = Debug|Any CPU
		{5DE32B82-2AF9-4DE8-88ED-37C962E3DF52}.Debug|Any CPU.Build.0 = Debug|Any CPU
		{5DE32B82-2AF9-4DE8-88ED-37C962E3DF52}.Release|Any CPU.ActiveCfg = Release|Any CPU
		{5DE32B82-2AF9-4DE8-88ED-37C962E3DF52}.Release|Any CPU.Build.0 = Release|Any CPU
	EndGlobalSection
	GlobalSection(SolutionProperties) = preSolution
		HideSolutionNode = FALSE
	EndGlobalSection
	GlobalSection(ExtensibilityGlobals) = postSolution
		SolutionGuid = {356B55A6-B0D0-4744-A670-397121396908}
	EndGlobalSection
EndGlobal
